
Microsoft Visual Studio Solution File, Format Version 12.00
# Visual Studio Version 16
VisualStudioVersion = 16.0.30330.147
MinimumVisualStudioVersion = 10.0.40219.1
Project("{FAE04EC0-301F-11D3-BF4B-00C04F79EFBC}") = "TestLibrary", "TestLibrary\TestLibrary.csproj", "{662813E7-904F-45A6-936D-091752C14FA4}"
EndProject
Global
	GlobalSection(SolutionConfigurationPlatforms) = preSolution
		Debug|Any CPU = Debug|Any CPU
		Release|Any CPU = Release|Any CPU
	EndGlobalSection
	GlobalSection(ProjectConfigurationPlatforms) = postSolution
		{662813E7-904F-45A6-936D-091752C14FA4}.Debug|Any CPU.ActiveCfg = Debug|Any CPU
		{662813E7-904F-45A6-936D-091752C14FA4}.Debug|Any CPU.Build.0 = Debug|Any CPU
		{662813E7-904F-45A6-936D-091752C14FA4}.Release|Any CPU.ActiveCfg = Release|Any CPU
		{662813E7-904F-45A6-936D-091752C14FA4}.Release|Any CPU.Build.0 = Release|Any CPU
	EndGlobalSection
	GlobalSection(SolutionProperties) = preSolution
		HideSolutionNode = FALSE
	EndGlobalSection
	GlobalSection(ExtensibilityGlobals) = postSolution
		SolutionGuid = {B6F20DD3-C7FB-430C-9815-202E0C8F34F0}
	EndGlobalSection
EndGlobal
