
Microsoft Visual Studio Solution File, Format Version 12.00
# Visual Studio Version 16
VisualStudioVersion = 16.0.29905.134
MinimumVisualStudioVersion = 10.0.40219.1
Project("{9A19103F-16F7-4668-BE54-9A1E7A4F7556}") = "MarkDoc.Console", "MarkDoc.Console\MarkDoc.Console.csproj", "{B9DAE5DE-EC72-4028-8011-DA9192E9D946}"
EndProject
Project("{2150E333-8FDC-42A3-9474-1A3956D46DE8}") = "Libraries", "Libraries", "{72046ABF-82AA-495D-A4FC-F3872BEDC247}"
EndProject
Project("{9A19103F-16F7-4668-BE54-9A1E7A4F7556}") = "MarkDoc.Generator", "Libraries\MarkDoc.Generator\MarkDoc.Generator.csproj", "{4FDA245F-C557-48F9-9D46-29D5610CC435}"
EndProject
Project("{2150E333-8FDC-42A3-9474-1A3956D46DE8}") = "Elements", "Elements", "{9A789918-F89D-4414-B755-68816C81E1EA}"
EndProject
Project("{9A19103F-16F7-4668-BE54-9A1E7A4F7556}") = "MarkDoc.Elements", "Libraries\Elements\MarkDoc.Elements\MarkDoc.Elements.csproj", "{21D66491-087F-460D-8BEC-7776BC782522}"
EndProject
Project("{9A19103F-16F7-4668-BE54-9A1E7A4F7556}") = "MarkDoc.Elements.Markdown", "Libraries\Elements\MarkDoc.Elements.Markdown\MarkDoc.Elements.Markdown.csproj", "{AA680D72-089E-4B43-A796-2AE20FD87808}"
EndProject
Project("{2150E333-8FDC-42A3-9474-1A3956D46DE8}") = "Tests", "Tests", "{CE769081-BFA5-405D-B63A-B60E2B91638D}"
EndProject
Project("{9A19103F-16F7-4668-BE54-9A1E7A4F7556}") = "Ut.Generator", "Tests\Ut.Generator\Ut.Generator.csproj", "{EDA72325-DD81-4ABB-B567-592A35E80EFD}"
EndProject
Project("{2150E333-8FDC-42A3-9474-1A3956D46DE8}") = "Members", "Members", "{D5C51913-FB9E-4454-BCB4-7DD3BC77C647}"
EndProject
Project("{9A19103F-16F7-4668-BE54-9A1E7A4F7556}") = "MarkDoc.Members", "Libraries\Members\MarkDoc.Members\MarkDoc.Members.csproj", "{7EF5BC93-F4E9-4728-9095-06D9CB008B07}"
EndProject
Project("{9A19103F-16F7-4668-BE54-9A1E7A4F7556}") = "MarkDoc.Members.Dnlib", "Libraries\Members\MarkDoc.Members.Dnlib\MarkDoc.Members.Dnlib.csproj", "{7351B605-5B08-4BD6-B8B7-5B33B155C8AD}"
EndProject
Project("{2150E333-8FDC-42A3-9474-1A3956D46DE8}") = "Helpers", "Helpers", "{3CAA4C7F-BB48-4A67-9F23-504ECDC3269C}"
EndProject
Project("{9A19103F-16F7-4668-BE54-9A1E7A4F7556}") = "MarkDoc.Helpers", "Libraries\Helpers\MarkDoc.Helpers\MarkDoc.Helpers.csproj", "{5370B08C-4B40-460B-A823-ADBA384BA923}"
EndProject
Project("{2150E333-8FDC-42A3-9474-1A3956D46DE8}") = "Documentation", "Documentation", "{41AD2AEB-8E94-48DD-B7E0-D442BA1D7162}"
EndProject
Project("{9A19103F-16F7-4668-BE54-9A1E7A4F7556}") = "MarkDoc.Documentation", "Libraries\Documentation\MarkDoc.Documentation\MarkDoc.Documentation.csproj", "{A142EF84-35CB-437B-ABB2-A6A07CCEEB01}"
EndProject
Project("{9A19103F-16F7-4668-BE54-9A1E7A4F7556}") = "MarkDoc.Documentation.Xml", "Libraries\Documentation\MarkDoc.Documentation.Xml\MarkDoc.Documentation.Xml.csproj", "{6BBA0D91-8CFE-4BDD-A13A-F03F7BC726A9}"
EndProject
Project("{2150E333-8FDC-42A3-9474-1A3956D46DE8}") = "Linkers", "Linkers", "{791DDF8F-57A7-48E4-9A2D-C08EFEF0D0EC}"
EndProject
Project("{FAE04EC0-301F-11D3-BF4B-00C04F79EFBC}") = "MarkDoc.Linkers", "Libraries\Linkers\MarkDoc.Linkers\MarkDoc.Linkers.csproj", "{86D4F1DB-B7F1-4AC2-AA7E-BF86C82F2BD4}"
EndProject
Global
	GlobalSection(SolutionConfigurationPlatforms) = preSolution
		Debug|Any CPU = Debug|Any CPU
		Release|Any CPU = Release|Any CPU
	EndGlobalSection
	GlobalSection(ProjectConfigurationPlatforms) = postSolution
		{B9DAE5DE-EC72-4028-8011-DA9192E9D946}.Debug|Any CPU.ActiveCfg = Debug|Any CPU
		{B9DAE5DE-EC72-4028-8011-DA9192E9D946}.Debug|Any CPU.Build.0 = Debug|Any CPU
		{B9DAE5DE-EC72-4028-8011-DA9192E9D946}.Release|Any CPU.ActiveCfg = Release|Any CPU
		{B9DAE5DE-EC72-4028-8011-DA9192E9D946}.Release|Any CPU.Build.0 = Release|Any CPU
		{4FDA245F-C557-48F9-9D46-29D5610CC435}.Debug|Any CPU.ActiveCfg = Debug|Any CPU
		{4FDA245F-C557-48F9-9D46-29D5610CC435}.Debug|Any CPU.Build.0 = Debug|Any CPU
		{4FDA245F-C557-48F9-9D46-29D5610CC435}.Release|Any CPU.ActiveCfg = Release|Any CPU
		{4FDA245F-C557-48F9-9D46-29D5610CC435}.Release|Any CPU.Build.0 = Release|Any CPU
		{21D66491-087F-460D-8BEC-7776BC782522}.Debug|Any CPU.ActiveCfg = Debug|Any CPU
		{21D66491-087F-460D-8BEC-7776BC782522}.Debug|Any CPU.Build.0 = Debug|Any CPU
		{21D66491-087F-460D-8BEC-7776BC782522}.Release|Any CPU.ActiveCfg = Release|Any CPU
		{21D66491-087F-460D-8BEC-7776BC782522}.Release|Any CPU.Build.0 = Release|Any CPU
		{AA680D72-089E-4B43-A796-2AE20FD87808}.Debug|Any CPU.ActiveCfg = Debug|Any CPU
		{AA680D72-089E-4B43-A796-2AE20FD87808}.Debug|Any CPU.Build.0 = Debug|Any CPU
		{AA680D72-089E-4B43-A796-2AE20FD87808}.Release|Any CPU.ActiveCfg = Release|Any CPU
		{AA680D72-089E-4B43-A796-2AE20FD87808}.Release|Any CPU.Build.0 = Release|Any CPU
		{EDA72325-DD81-4ABB-B567-592A35E80EFD}.Debug|Any CPU.ActiveCfg = Debug|Any CPU
		{EDA72325-DD81-4ABB-B567-592A35E80EFD}.Debug|Any CPU.Build.0 = Debug|Any CPU
		{EDA72325-DD81-4ABB-B567-592A35E80EFD}.Release|Any CPU.ActiveCfg = Release|Any CPU
		{EDA72325-DD81-4ABB-B567-592A35E80EFD}.Release|Any CPU.Build.0 = Release|Any CPU
		{7EF5BC93-F4E9-4728-9095-06D9CB008B07}.Debug|Any CPU.ActiveCfg = Debug|Any CPU
		{7EF5BC93-F4E9-4728-9095-06D9CB008B07}.Debug|Any CPU.Build.0 = Debug|Any CPU
		{7EF5BC93-F4E9-4728-9095-06D9CB008B07}.Release|Any CPU.ActiveCfg = Release|Any CPU
		{7EF5BC93-F4E9-4728-9095-06D9CB008B07}.Release|Any CPU.Build.0 = Release|Any CPU
		{7351B605-5B08-4BD6-B8B7-5B33B155C8AD}.Debug|Any CPU.ActiveCfg = Debug|Any CPU
		{7351B605-5B08-4BD6-B8B7-5B33B155C8AD}.Debug|Any CPU.Build.0 = Debug|Any CPU
		{7351B605-5B08-4BD6-B8B7-5B33B155C8AD}.Release|Any CPU.ActiveCfg = Release|Any CPU
		{7351B605-5B08-4BD6-B8B7-5B33B155C8AD}.Release|Any CPU.Build.0 = Release|Any CPU
		{5370B08C-4B40-460B-A823-ADBA384BA923}.Debug|Any CPU.ActiveCfg = Debug|Any CPU
		{5370B08C-4B40-460B-A823-ADBA384BA923}.Debug|Any CPU.Build.0 = Debug|Any CPU
		{5370B08C-4B40-460B-A823-ADBA384BA923}.Release|Any CPU.ActiveCfg = Release|Any CPU
		{5370B08C-4B40-460B-A823-ADBA384BA923}.Release|Any CPU.Build.0 = Release|Any CPU
		{A142EF84-35CB-437B-ABB2-A6A07CCEEB01}.Debug|Any CPU.ActiveCfg = Debug|Any CPU
		{A142EF84-35CB-437B-ABB2-A6A07CCEEB01}.Debug|Any CPU.Build.0 = Debug|Any CPU
		{A142EF84-35CB-437B-ABB2-A6A07CCEEB01}.Release|Any CPU.ActiveCfg = Release|Any CPU
		{A142EF84-35CB-437B-ABB2-A6A07CCEEB01}.Release|Any CPU.Build.0 = Release|Any CPU
		{6BBA0D91-8CFE-4BDD-A13A-F03F7BC726A9}.Debug|Any CPU.ActiveCfg = Debug|Any CPU
		{6BBA0D91-8CFE-4BDD-A13A-F03F7BC726A9}.Debug|Any CPU.Build.0 = Debug|Any CPU
		{6BBA0D91-8CFE-4BDD-A13A-F03F7BC726A9}.Release|Any CPU.ActiveCfg = Release|Any CPU
		{6BBA0D91-8CFE-4BDD-A13A-F03F7BC726A9}.Release|Any CPU.Build.0 = Release|Any CPU
		{86D4F1DB-B7F1-4AC2-AA7E-BF86C82F2BD4}.Debug|Any CPU.ActiveCfg = Debug|Any CPU
		{86D4F1DB-B7F1-4AC2-AA7E-BF86C82F2BD4}.Debug|Any CPU.Build.0 = Debug|Any CPU
		{86D4F1DB-B7F1-4AC2-AA7E-BF86C82F2BD4}.Release|Any CPU.ActiveCfg = Release|Any CPU
		{86D4F1DB-B7F1-4AC2-AA7E-BF86C82F2BD4}.Release|Any CPU.Build.0 = Release|Any CPU
	EndGlobalSection
	GlobalSection(SolutionProperties) = preSolution
		HideSolutionNode = FALSE
	EndGlobalSection
	GlobalSection(NestedProjects) = preSolution
		{4FDA245F-C557-48F9-9D46-29D5610CC435} = {72046ABF-82AA-495D-A4FC-F3872BEDC247}
		{9A789918-F89D-4414-B755-68816C81E1EA} = {72046ABF-82AA-495D-A4FC-F3872BEDC247}
		{21D66491-087F-460D-8BEC-7776BC782522} = {9A789918-F89D-4414-B755-68816C81E1EA}
		{AA680D72-089E-4B43-A796-2AE20FD87808} = {9A789918-F89D-4414-B755-68816C81E1EA}
		{EDA72325-DD81-4ABB-B567-592A35E80EFD} = {CE769081-BFA5-405D-B63A-B60E2B91638D}
		{D5C51913-FB9E-4454-BCB4-7DD3BC77C647} = {72046ABF-82AA-495D-A4FC-F3872BEDC247}
		{7EF5BC93-F4E9-4728-9095-06D9CB008B07} = {D5C51913-FB9E-4454-BCB4-7DD3BC77C647}
		{7351B605-5B08-4BD6-B8B7-5B33B155C8AD} = {D5C51913-FB9E-4454-BCB4-7DD3BC77C647}
		{3CAA4C7F-BB48-4A67-9F23-504ECDC3269C} = {72046ABF-82AA-495D-A4FC-F3872BEDC247}
		{5370B08C-4B40-460B-A823-ADBA384BA923} = {3CAA4C7F-BB48-4A67-9F23-504ECDC3269C}
		{41AD2AEB-8E94-48DD-B7E0-D442BA1D7162} = {72046ABF-82AA-495D-A4FC-F3872BEDC247}
		{A142EF84-35CB-437B-ABB2-A6A07CCEEB01} = {41AD2AEB-8E94-48DD-B7E0-D442BA1D7162}
		{6BBA0D91-8CFE-4BDD-A13A-F03F7BC726A9} = {41AD2AEB-8E94-48DD-B7E0-D442BA1D7162}
		{791DDF8F-57A7-48E4-9A2D-C08EFEF0D0EC} = {72046ABF-82AA-495D-A4FC-F3872BEDC247}
		{86D4F1DB-B7F1-4AC2-AA7E-BF86C82F2BD4} = {791DDF8F-57A7-48E4-9A2D-C08EFEF0D0EC}
	EndGlobalSection
	GlobalSection(ExtensibilityGlobals) = postSolution
		SolutionGuid = {42D5A311-9CA5-468F-9811-B2FBB27315D9}
	EndGlobalSection
EndGlobal
