
Microsoft Visual Studio Solution File, Format Version 12.00
# Visual Studio Version 16
VisualStudioVersion = 16.0.29905.134
MinimumVisualStudioVersion = 10.0.40219.1
Project("{2150E333-8FDC-42A3-9474-1A3956D46DE8}") = "Libraries", "Libraries", "{72046ABF-82AA-495D-A4FC-F3872BEDC247}"
EndProject
Project("{2150E333-8FDC-42A3-9474-1A3956D46DE8}") = "Tests", "Tests", "{CE769081-BFA5-405D-B63A-B60E2B91638D}"
EndProject
Project("{2150E333-8FDC-42A3-9474-1A3956D46DE8}") = "Helpers", "Helpers", "{3CAA4C7F-BB48-4A67-9F23-504ECDC3269C}"
EndProject
Project("{9A19103F-16F7-4668-BE54-9A1E7A4F7556}") = "MarkDoc.Helpers", "Libraries\Helpers\MarkDoc.Helpers\MarkDoc.Helpers.csproj", "{5370B08C-4B40-460B-A823-ADBA384BA923}"
EndProject
Project("{2150E333-8FDC-42A3-9474-1A3956D46DE8}") = "Core", "Core", "{8BA67762-0F26-4685-9210-F8937F9F967A}"
EndProject
Project("{9A19103F-16F7-4668-BE54-9A1E7A4F7556}") = "MarkDoc.Documentation", "Libraries\Core\MarkDoc.Documentation\MarkDoc.Documentation.csproj", "{C986A0E9-9852-4593-BC63-03D6F0F759C0}"
EndProject
Project("{9A19103F-16F7-4668-BE54-9A1E7A4F7556}") = "MarkDoc.Elements", "Libraries\Core\MarkDoc.Elements\MarkDoc.Elements.csproj", "{4B5DB3D8-2EB2-4F46-AB7B-7529F3975F5E}"
EndProject
Project("{9A19103F-16F7-4668-BE54-9A1E7A4F7556}") = "MarkDoc.Generator", "Libraries\Core\MarkDoc.Generator\MarkDoc.Generator.csproj", "{FCEC3248-C3CC-4D67-908E-C854F8A638F8}"
EndProject
Project("{9A19103F-16F7-4668-BE54-9A1E7A4F7556}") = "MarkDoc.Linkers", "Libraries\Core\MarkDoc.Linkers\MarkDoc.Linkers.csproj", "{48F73C04-EEA7-418B-BC7C-A1E797434E4E}"
EndProject
Project("{9A19103F-16F7-4668-BE54-9A1E7A4F7556}") = "MarkDoc.Members", "Libraries\Core\MarkDoc.Members\MarkDoc.Members.csproj", "{5F69CC8D-7B2C-40F7-B1E2-8EE8DA76DCC8}"
EndProject
Project("{9A19103F-16F7-4668-BE54-9A1E7A4F7556}") = "MarkDoc.Printer", "Libraries\Core\MarkDoc.Printer\MarkDoc.Printer.csproj", "{77033EC0-E491-479D-A53E-DFAE5608B715}"
EndProject
Project("{2150E333-8FDC-42A3-9474-1A3956D46DE8}") = "Components", "Components", "{5FF8CC06-69CE-4551-8C07-278F2C0B1884}"
EndProject
Project("{2150E333-8FDC-42A3-9474-1A3956D46DE8}") = "Documentation", "Documentation", "{ED8942CB-7344-422F-99A0-E6720218D641}"
EndProject
Project("{2150E333-8FDC-42A3-9474-1A3956D46DE8}") = "Elements", "Elements", "{7BB2564C-C071-491C-A857-9ED341868005}"
EndProject
Project("{2150E333-8FDC-42A3-9474-1A3956D46DE8}") = "Linkers", "Linkers", "{E1833E46-7B47-49CF-8425-40F29268B8DE}"
EndProject
Project("{2150E333-8FDC-42A3-9474-1A3956D46DE8}") = "Printers", "Printers", "{EA024DE6-952C-4405-B35F-19192399EA02}"
EndProject
Project("{2150E333-8FDC-42A3-9474-1A3956D46DE8}") = "Members", "Members", "{1F2E98DE-4A6A-4BC9-B7DC-8919BCDDFCAF}"
EndProject
Project("{2150E333-8FDC-42A3-9474-1A3956D46DE8}") = "Generators", "Generators", "{6BFDB182-4F53-43FD-A8E3-B94435CC1A05}"
EndProject
Project("{9A19103F-16F7-4668-BE54-9A1E7A4F7556}") = "MarkDoc.Documentation.Xml", "Components\Documentation\MarkDoc.Documentation.Xml\MarkDoc.Documentation.Xml.csproj", "{042245B9-4C91-45CA-92AE-E741C54EB859}"
EndProject
Project("{9A19103F-16F7-4668-BE54-9A1E7A4F7556}") = "MarkDoc.Elements.Markdown", "Components\Elements\MarkDoc.Elements.Markdown\MarkDoc.Elements.Markdown.csproj", "{AF1C3FAB-6B1B-4D59-80DD-89B82DE69129}"
EndProject
Project("{6EC3EE1D-3C4E-46DD-8F32-0CC8E7565705}") = "MarkDoc.Generator.Basic", "Components\Generators\MarkDoc.Generator.Basic\MarkDoc.Generator.Basic.fsproj", "{C080C99A-2230-4FF5-9F59-4F627693B1F0}"
EndProject
Project("{6EC3EE1D-3C4E-46DD-8F32-0CC8E7565705}") = "MarkDoc.Linkers.Markdown", "Components\Linkers\MarkDoc.Linkers.Markdown\MarkDoc.Linkers.Markdown.fsproj", "{25D04744-3C29-45C2-B829-1B35B2FAFF4B}"
EndProject
Project("{9A19103F-16F7-4668-BE54-9A1E7A4F7556}") = "MarkDoc.Members.Dnlib", "Components\Members\MarkDoc.Members.Dnlib\MarkDoc.Members.Dnlib.csproj", "{3B7C3E71-1299-4F6C-AB88-15BBC6D75C59}"
EndProject
Project("{9A19103F-16F7-4668-BE54-9A1E7A4F7556}") = "MarkDoc.Printer.Markdown", "Components\Printers\MarkDoc.Printer.Markdown\MarkDoc.Printer.Markdown.csproj", "{4E9A885A-0BF9-4361-8401-729B1D94C8E0}"
EndProject
Project("{2150E333-8FDC-42A3-9474-1A3956D46DE8}") = "UnitTests", "UnitTests", "{53B8BF49-2ED1-40DF-974F-71A8AEA9D997}"
EndProject
Project("{2150E333-8FDC-42A3-9474-1A3956D46DE8}") = "ApplicationTests", "ApplicationTests", "{FBA962E0-313E-4752-BAD5-E5E7223AA3A3}"
EndProject
Project("{2150E333-8FDC-42A3-9474-1A3956D46DE8}") = "Components", "Components", "{DFC3A90F-146C-4D40-B2D1-130B007063E2}"
EndProject
Project("{9A19103F-16F7-4668-BE54-9A1E7A4F7556}") = "UT.Members", "Tests\UnitTests\Components\UT.Members\UT.Members.csproj", "{28682CC5-A142-422D-AFE5-E22D26C866C6}"
EndProject
Project("{9A19103F-16F7-4668-BE54-9A1E7A4F7556}") = "UT.Documentation", "Tests\UnitTests\Components\UT.Documentation\UT.Documentation.csproj", "{6EF35B63-D581-40C2-ACD1-F9C522E3B996}"
EndProject
Project("{9A19103F-16F7-4668-BE54-9A1E7A4F7556}") = "MarkDoc.Core", "Libraries\Core\MarkDoc.Core\MarkDoc.Core.csproj", "{47E5570F-400D-4B6F-9102-8F258AEEC8EA}"
EndProject
Project("{FAE04EC0-301F-11D3-BF4B-00C04F79EFBC}") = "MarkDoc.App", "MarkDoc.App\MarkDoc.App.csproj", "{DDD5D300-8F67-4E94-B5FD-404BA53DD3EA}"
EndProject
Project("{FAE04EC0-301F-11D3-BF4B-00C04F79EFBC}") = "MarkDoc.MVVM.Helpers", "Libraries\Helpers\MarkDoc.MVVM.Helpers\MarkDoc.MVVM.Helpers.csproj", "{974E6009-964C-4CDF-9A44-5A2ACC98A5A0}"
EndProject
Project("{2150E333-8FDC-42A3-9474-1A3956D46DE8}") = "ViewModels", "ViewModels", "{5EEC711D-3D0C-458A-8BFE-793952A37878}"
EndProject
Project("{2150E333-8FDC-42A3-9474-1A3956D46DE8}") = "Views", "Views", "{E85FA7E6-7A53-4A3F-ACD1-E4CD4F3D42ED}"
EndProject
Project("{FAE04EC0-301F-11D3-BF4B-00C04F79EFBC}") = "MarkDoc.ViewModels", "Libraries\ViewModels\MarkDoc.ViewModels\MarkDoc.ViewModels.csproj", "{6AF30622-E2D2-4EC3-8482-8FF8EC4D7DF0}"
EndProject
Project("{FAE04EC0-301F-11D3-BF4B-00C04F79EFBC}") = "MarkDoc.Views", "Libraries\Views\MarkDoc.Views\MarkDoc.Views.csproj", "{A44F57CA-D2C6-4ED4-A0B5-534C0A241F40}"
EndProject
Project("{FAE04EC0-301F-11D3-BF4B-00C04F79EFBC}") = "MarkDoc.Constants", "Libraries\Core\MarkDoc.Constants\MarkDoc.Constants.csproj", "{B22E889E-8007-418A-A528-B08534993008}"
EndProject
Project("{FAE04EC0-301F-11D3-BF4B-00C04F79EFBC}") = "MarkDoc.ViewModels.Main", "Libraries\ViewModels\MarkDoc.ViewModels.Main\MarkDoc.ViewModels.Main.csproj", "{C5C5F8F1-8177-4DEF-997F-4603E70F4852}"
EndProject
Project("{FAE04EC0-301F-11D3-BF4B-00C04F79EFBC}") = "MarkDoc.Views.Main", "Libraries\Views\MarkDoc.Views.Main\MarkDoc.Views.Main.csproj", "{00071DB3-1262-45AA-9E91-2ED38DB7AC5D}"
EndProject
Project("{2150E333-8FDC-42A3-9474-1A3956D46DE8}") = "Plugins", "Plugins", "{3726E733-6BFC-4A74-86F1-88B4AC2DD917}"
EndProject
Project("{FAE04EC0-301F-11D3-BF4B-00C04F79EFBC}") = "MarkDoc.Plugins.GitMarkdown", "Plugins\MarkDoc.Plugins.GitMarkdown\MarkDoc.Plugins.GitMarkdown.csproj", "{2BB0DF2F-B517-45AC-96D5-F766823F917C}"
EndProject
Project("{FAE04EC0-301F-11D3-BF4B-00C04F79EFBC}") = "MarkDoc.ViewModels.GitMarkdown", "Libraries\ViewModels\MarkDoc.ViewModels.GitMarkdown\MarkDoc.ViewModels.GitMarkdown.csproj", "{2C75385A-BD15-42BF-B255-72C2117DA81B}"
EndProject
Project("{FAE04EC0-301F-11D3-BF4B-00C04F79EFBC}") = "MarkDoc.Views.GitMarkdown", "Libraries\Views\MarkDoc.Views.GitMarkdown\MarkDoc.Views.GitMarkdown.csproj", "{0FBE11F3-A03A-4C63-84C5-CE3F74E87F07}"
EndProject
Project("{2150E333-8FDC-42A3-9474-1A3956D46DE8}") = "Diagrams", "Diagrams", "{96B15EF2-6983-4BE3-B289-D06F521663D5}"
EndProject
Project("{FAE04EC0-301F-11D3-BF4B-00C04F79EFBC}") = "MarkDoc.Diagrams.PlantUML", "Components\Diagrams\MarkDoc.Diagrams.PlantUML\MarkDoc.Diagrams.PlantUML.csproj", "{EF7705B8-5E6E-4F66-B15D-1F5BF4F2E9D1}"
EndProject
Project("{FAE04EC0-301F-11D3-BF4B-00C04F79EFBC}") = "MarkDoc.Diagrams", "Libraries\Core\MarkDoc.Diagrams\MarkDoc.Diagrams.csproj", "{98E6E20C-2444-4685-923D-CB21D211CEA7}"
EndProject
Global
	GlobalSection(SolutionConfigurationPlatforms) = preSolution
		Debug|Any CPU = Debug|Any CPU
		Release|Any CPU = Release|Any CPU
	EndGlobalSection
	GlobalSection(ProjectConfigurationPlatforms) = postSolution
		{5370B08C-4B40-460B-A823-ADBA384BA923}.Debug|Any CPU.ActiveCfg = Debug|Any CPU
		{5370B08C-4B40-460B-A823-ADBA384BA923}.Debug|Any CPU.Build.0 = Debug|Any CPU
		{5370B08C-4B40-460B-A823-ADBA384BA923}.Release|Any CPU.ActiveCfg = Release|Any CPU
		{5370B08C-4B40-460B-A823-ADBA384BA923}.Release|Any CPU.Build.0 = Release|Any CPU
		{C986A0E9-9852-4593-BC63-03D6F0F759C0}.Debug|Any CPU.ActiveCfg = Debug|Any CPU
		{C986A0E9-9852-4593-BC63-03D6F0F759C0}.Debug|Any CPU.Build.0 = Debug|Any CPU
		{C986A0E9-9852-4593-BC63-03D6F0F759C0}.Release|Any CPU.ActiveCfg = Release|Any CPU
		{C986A0E9-9852-4593-BC63-03D6F0F759C0}.Release|Any CPU.Build.0 = Release|Any CPU
		{4B5DB3D8-2EB2-4F46-AB7B-7529F3975F5E}.Debug|Any CPU.ActiveCfg = Debug|Any CPU
		{4B5DB3D8-2EB2-4F46-AB7B-7529F3975F5E}.Debug|Any CPU.Build.0 = Debug|Any CPU
		{4B5DB3D8-2EB2-4F46-AB7B-7529F3975F5E}.Release|Any CPU.ActiveCfg = Release|Any CPU
		{4B5DB3D8-2EB2-4F46-AB7B-7529F3975F5E}.Release|Any CPU.Build.0 = Release|Any CPU
		{FCEC3248-C3CC-4D67-908E-C854F8A638F8}.Debug|Any CPU.ActiveCfg = Debug|Any CPU
		{FCEC3248-C3CC-4D67-908E-C854F8A638F8}.Debug|Any CPU.Build.0 = Debug|Any CPU
		{FCEC3248-C3CC-4D67-908E-C854F8A638F8}.Release|Any CPU.ActiveCfg = Release|Any CPU
		{FCEC3248-C3CC-4D67-908E-C854F8A638F8}.Release|Any CPU.Build.0 = Release|Any CPU
		{48F73C04-EEA7-418B-BC7C-A1E797434E4E}.Debug|Any CPU.ActiveCfg = Debug|Any CPU
		{48F73C04-EEA7-418B-BC7C-A1E797434E4E}.Debug|Any CPU.Build.0 = Debug|Any CPU
		{48F73C04-EEA7-418B-BC7C-A1E797434E4E}.Release|Any CPU.ActiveCfg = Release|Any CPU
		{48F73C04-EEA7-418B-BC7C-A1E797434E4E}.Release|Any CPU.Build.0 = Release|Any CPU
		{5F69CC8D-7B2C-40F7-B1E2-8EE8DA76DCC8}.Debug|Any CPU.ActiveCfg = Debug|Any CPU
		{5F69CC8D-7B2C-40F7-B1E2-8EE8DA76DCC8}.Debug|Any CPU.Build.0 = Debug|Any CPU
		{5F69CC8D-7B2C-40F7-B1E2-8EE8DA76DCC8}.Release|Any CPU.ActiveCfg = Release|Any CPU
		{5F69CC8D-7B2C-40F7-B1E2-8EE8DA76DCC8}.Release|Any CPU.Build.0 = Release|Any CPU
		{77033EC0-E491-479D-A53E-DFAE5608B715}.Debug|Any CPU.ActiveCfg = Debug|Any CPU
		{77033EC0-E491-479D-A53E-DFAE5608B715}.Debug|Any CPU.Build.0 = Debug|Any CPU
		{77033EC0-E491-479D-A53E-DFAE5608B715}.Release|Any CPU.ActiveCfg = Release|Any CPU
		{77033EC0-E491-479D-A53E-DFAE5608B715}.Release|Any CPU.Build.0 = Release|Any CPU
		{042245B9-4C91-45CA-92AE-E741C54EB859}.Debug|Any CPU.ActiveCfg = Debug|Any CPU
		{042245B9-4C91-45CA-92AE-E741C54EB859}.Debug|Any CPU.Build.0 = Debug|Any CPU
		{042245B9-4C91-45CA-92AE-E741C54EB859}.Release|Any CPU.ActiveCfg = Release|Any CPU
		{042245B9-4C91-45CA-92AE-E741C54EB859}.Release|Any CPU.Build.0 = Release|Any CPU
		{AF1C3FAB-6B1B-4D59-80DD-89B82DE69129}.Debug|Any CPU.ActiveCfg = Debug|Any CPU
		{AF1C3FAB-6B1B-4D59-80DD-89B82DE69129}.Debug|Any CPU.Build.0 = Debug|Any CPU
		{AF1C3FAB-6B1B-4D59-80DD-89B82DE69129}.Release|Any CPU.ActiveCfg = Release|Any CPU
		{AF1C3FAB-6B1B-4D59-80DD-89B82DE69129}.Release|Any CPU.Build.0 = Release|Any CPU
		{C080C99A-2230-4FF5-9F59-4F627693B1F0}.Debug|Any CPU.ActiveCfg = Debug|Any CPU
		{C080C99A-2230-4FF5-9F59-4F627693B1F0}.Debug|Any CPU.Build.0 = Debug|Any CPU
		{C080C99A-2230-4FF5-9F59-4F627693B1F0}.Release|Any CPU.ActiveCfg = Release|Any CPU
		{C080C99A-2230-4FF5-9F59-4F627693B1F0}.Release|Any CPU.Build.0 = Release|Any CPU
		{25D04744-3C29-45C2-B829-1B35B2FAFF4B}.Debug|Any CPU.ActiveCfg = Debug|Any CPU
		{25D04744-3C29-45C2-B829-1B35B2FAFF4B}.Debug|Any CPU.Build.0 = Debug|Any CPU
		{25D04744-3C29-45C2-B829-1B35B2FAFF4B}.Release|Any CPU.ActiveCfg = Release|Any CPU
		{25D04744-3C29-45C2-B829-1B35B2FAFF4B}.Release|Any CPU.Build.0 = Release|Any CPU
		{3B7C3E71-1299-4F6C-AB88-15BBC6D75C59}.Debug|Any CPU.ActiveCfg = Debug|Any CPU
		{3B7C3E71-1299-4F6C-AB88-15BBC6D75C59}.Debug|Any CPU.Build.0 = Debug|Any CPU
		{3B7C3E71-1299-4F6C-AB88-15BBC6D75C59}.Release|Any CPU.ActiveCfg = Release|Any CPU
		{3B7C3E71-1299-4F6C-AB88-15BBC6D75C59}.Release|Any CPU.Build.0 = Release|Any CPU
		{4E9A885A-0BF9-4361-8401-729B1D94C8E0}.Debug|Any CPU.ActiveCfg = Debug|Any CPU
		{4E9A885A-0BF9-4361-8401-729B1D94C8E0}.Debug|Any CPU.Build.0 = Debug|Any CPU
		{4E9A885A-0BF9-4361-8401-729B1D94C8E0}.Release|Any CPU.ActiveCfg = Release|Any CPU
		{4E9A885A-0BF9-4361-8401-729B1D94C8E0}.Release|Any CPU.Build.0 = Release|Any CPU
		{28682CC5-A142-422D-AFE5-E22D26C866C6}.Debug|Any CPU.ActiveCfg = Debug|Any CPU
		{28682CC5-A142-422D-AFE5-E22D26C866C6}.Debug|Any CPU.Build.0 = Debug|Any CPU
		{28682CC5-A142-422D-AFE5-E22D26C866C6}.Release|Any CPU.ActiveCfg = Release|Any CPU
		{28682CC5-A142-422D-AFE5-E22D26C866C6}.Release|Any CPU.Build.0 = Release|Any CPU
		{6EF35B63-D581-40C2-ACD1-F9C522E3B996}.Debug|Any CPU.ActiveCfg = Debug|Any CPU
		{6EF35B63-D581-40C2-ACD1-F9C522E3B996}.Debug|Any CPU.Build.0 = Debug|Any CPU
		{6EF35B63-D581-40C2-ACD1-F9C522E3B996}.Release|Any CPU.ActiveCfg = Release|Any CPU
		{6EF35B63-D581-40C2-ACD1-F9C522E3B996}.Release|Any CPU.Build.0 = Release|Any CPU
		{47E5570F-400D-4B6F-9102-8F258AEEC8EA}.Debug|Any CPU.ActiveCfg = Debug|Any CPU
		{47E5570F-400D-4B6F-9102-8F258AEEC8EA}.Debug|Any CPU.Build.0 = Debug|Any CPU
		{47E5570F-400D-4B6F-9102-8F258AEEC8EA}.Release|Any CPU.ActiveCfg = Release|Any CPU
		{47E5570F-400D-4B6F-9102-8F258AEEC8EA}.Release|Any CPU.Build.0 = Release|Any CPU
		{DDD5D300-8F67-4E94-B5FD-404BA53DD3EA}.Debug|Any CPU.ActiveCfg = Debug|Any CPU
		{DDD5D300-8F67-4E94-B5FD-404BA53DD3EA}.Debug|Any CPU.Build.0 = Debug|Any CPU
		{DDD5D300-8F67-4E94-B5FD-404BA53DD3EA}.Release|Any CPU.ActiveCfg = Release|Any CPU
		{DDD5D300-8F67-4E94-B5FD-404BA53DD3EA}.Release|Any CPU.Build.0 = Release|Any CPU
		{974E6009-964C-4CDF-9A44-5A2ACC98A5A0}.Debug|Any CPU.ActiveCfg = Debug|Any CPU
		{974E6009-964C-4CDF-9A44-5A2ACC98A5A0}.Debug|Any CPU.Build.0 = Debug|Any CPU
		{974E6009-964C-4CDF-9A44-5A2ACC98A5A0}.Release|Any CPU.ActiveCfg = Release|Any CPU
		{974E6009-964C-4CDF-9A44-5A2ACC98A5A0}.Release|Any CPU.Build.0 = Release|Any CPU
		{6AF30622-E2D2-4EC3-8482-8FF8EC4D7DF0}.Debug|Any CPU.ActiveCfg = Debug|Any CPU
		{6AF30622-E2D2-4EC3-8482-8FF8EC4D7DF0}.Debug|Any CPU.Build.0 = Debug|Any CPU
		{6AF30622-E2D2-4EC3-8482-8FF8EC4D7DF0}.Release|Any CPU.ActiveCfg = Release|Any CPU
		{6AF30622-E2D2-4EC3-8482-8FF8EC4D7DF0}.Release|Any CPU.Build.0 = Release|Any CPU
		{A44F57CA-D2C6-4ED4-A0B5-534C0A241F40}.Debug|Any CPU.ActiveCfg = Debug|Any CPU
		{A44F57CA-D2C6-4ED4-A0B5-534C0A241F40}.Debug|Any CPU.Build.0 = Debug|Any CPU
		{A44F57CA-D2C6-4ED4-A0B5-534C0A241F40}.Release|Any CPU.ActiveCfg = Release|Any CPU
		{A44F57CA-D2C6-4ED4-A0B5-534C0A241F40}.Release|Any CPU.Build.0 = Release|Any CPU
		{B22E889E-8007-418A-A528-B08534993008}.Debug|Any CPU.ActiveCfg = Debug|Any CPU
		{B22E889E-8007-418A-A528-B08534993008}.Debug|Any CPU.Build.0 = Debug|Any CPU
		{B22E889E-8007-418A-A528-B08534993008}.Release|Any CPU.ActiveCfg = Release|Any CPU
		{B22E889E-8007-418A-A528-B08534993008}.Release|Any CPU.Build.0 = Release|Any CPU
		{C5C5F8F1-8177-4DEF-997F-4603E70F4852}.Debug|Any CPU.ActiveCfg = Debug|Any CPU
		{C5C5F8F1-8177-4DEF-997F-4603E70F4852}.Debug|Any CPU.Build.0 = Debug|Any CPU
		{C5C5F8F1-8177-4DEF-997F-4603E70F4852}.Release|Any CPU.ActiveCfg = Release|Any CPU
		{C5C5F8F1-8177-4DEF-997F-4603E70F4852}.Release|Any CPU.Build.0 = Release|Any CPU
		{00071DB3-1262-45AA-9E91-2ED38DB7AC5D}.Debug|Any CPU.ActiveCfg = Debug|Any CPU
		{00071DB3-1262-45AA-9E91-2ED38DB7AC5D}.Debug|Any CPU.Build.0 = Debug|Any CPU
		{00071DB3-1262-45AA-9E91-2ED38DB7AC5D}.Release|Any CPU.ActiveCfg = Release|Any CPU
		{00071DB3-1262-45AA-9E91-2ED38DB7AC5D}.Release|Any CPU.Build.0 = Release|Any CPU
		{2BB0DF2F-B517-45AC-96D5-F766823F917C}.Debug|Any CPU.ActiveCfg = Debug|Any CPU
		{2BB0DF2F-B517-45AC-96D5-F766823F917C}.Debug|Any CPU.Build.0 = Debug|Any CPU
		{2BB0DF2F-B517-45AC-96D5-F766823F917C}.Release|Any CPU.ActiveCfg = Release|Any CPU
		{2BB0DF2F-B517-45AC-96D5-F766823F917C}.Release|Any CPU.Build.0 = Release|Any CPU
		{2C75385A-BD15-42BF-B255-72C2117DA81B}.Debug|Any CPU.ActiveCfg = Debug|Any CPU
		{2C75385A-BD15-42BF-B255-72C2117DA81B}.Debug|Any CPU.Build.0 = Debug|Any CPU
		{2C75385A-BD15-42BF-B255-72C2117DA81B}.Release|Any CPU.ActiveCfg = Release|Any CPU
		{2C75385A-BD15-42BF-B255-72C2117DA81B}.Release|Any CPU.Build.0 = Release|Any CPU
		{0FBE11F3-A03A-4C63-84C5-CE3F74E87F07}.Debug|Any CPU.ActiveCfg = Debug|Any CPU
		{0FBE11F3-A03A-4C63-84C5-CE3F74E87F07}.Debug|Any CPU.Build.0 = Debug|Any CPU
		{0FBE11F3-A03A-4C63-84C5-CE3F74E87F07}.Release|Any CPU.ActiveCfg = Release|Any CPU
		{0FBE11F3-A03A-4C63-84C5-CE3F74E87F07}.Release|Any CPU.Build.0 = Release|Any CPU
		{EF7705B8-5E6E-4F66-B15D-1F5BF4F2E9D1}.Debug|Any CPU.ActiveCfg = Debug|Any CPU
		{EF7705B8-5E6E-4F66-B15D-1F5BF4F2E9D1}.Debug|Any CPU.Build.0 = Debug|Any CPU
		{EF7705B8-5E6E-4F66-B15D-1F5BF4F2E9D1}.Release|Any CPU.ActiveCfg = Release|Any CPU
		{EF7705B8-5E6E-4F66-B15D-1F5BF4F2E9D1}.Release|Any CPU.Build.0 = Release|Any CPU
		{98E6E20C-2444-4685-923D-CB21D211CEA7}.Debug|Any CPU.ActiveCfg = Debug|Any CPU
		{98E6E20C-2444-4685-923D-CB21D211CEA7}.Debug|Any CPU.Build.0 = Debug|Any CPU
		{98E6E20C-2444-4685-923D-CB21D211CEA7}.Release|Any CPU.ActiveCfg = Release|Any CPU
		{98E6E20C-2444-4685-923D-CB21D211CEA7}.Release|Any CPU.Build.0 = Release|Any CPU
	EndGlobalSection
	GlobalSection(SolutionProperties) = preSolution
		HideSolutionNode = FALSE
	EndGlobalSection
	GlobalSection(NestedProjects) = preSolution
		{3CAA4C7F-BB48-4A67-9F23-504ECDC3269C} = {72046ABF-82AA-495D-A4FC-F3872BEDC247}
		{5370B08C-4B40-460B-A823-ADBA384BA923} = {3CAA4C7F-BB48-4A67-9F23-504ECDC3269C}
		{8BA67762-0F26-4685-9210-F8937F9F967A} = {72046ABF-82AA-495D-A4FC-F3872BEDC247}
		{C986A0E9-9852-4593-BC63-03D6F0F759C0} = {8BA67762-0F26-4685-9210-F8937F9F967A}
		{4B5DB3D8-2EB2-4F46-AB7B-7529F3975F5E} = {8BA67762-0F26-4685-9210-F8937F9F967A}
		{FCEC3248-C3CC-4D67-908E-C854F8A638F8} = {8BA67762-0F26-4685-9210-F8937F9F967A}
		{48F73C04-EEA7-418B-BC7C-A1E797434E4E} = {8BA67762-0F26-4685-9210-F8937F9F967A}
		{5F69CC8D-7B2C-40F7-B1E2-8EE8DA76DCC8} = {8BA67762-0F26-4685-9210-F8937F9F967A}
		{77033EC0-E491-479D-A53E-DFAE5608B715} = {8BA67762-0F26-4685-9210-F8937F9F967A}
		{ED8942CB-7344-422F-99A0-E6720218D641} = {5FF8CC06-69CE-4551-8C07-278F2C0B1884}
		{7BB2564C-C071-491C-A857-9ED341868005} = {5FF8CC06-69CE-4551-8C07-278F2C0B1884}
		{E1833E46-7B47-49CF-8425-40F29268B8DE} = {5FF8CC06-69CE-4551-8C07-278F2C0B1884}
		{EA024DE6-952C-4405-B35F-19192399EA02} = {5FF8CC06-69CE-4551-8C07-278F2C0B1884}
		{1F2E98DE-4A6A-4BC9-B7DC-8919BCDDFCAF} = {5FF8CC06-69CE-4551-8C07-278F2C0B1884}
		{6BFDB182-4F53-43FD-A8E3-B94435CC1A05} = {5FF8CC06-69CE-4551-8C07-278F2C0B1884}
		{042245B9-4C91-45CA-92AE-E741C54EB859} = {ED8942CB-7344-422F-99A0-E6720218D641}
		{AF1C3FAB-6B1B-4D59-80DD-89B82DE69129} = {7BB2564C-C071-491C-A857-9ED341868005}
		{C080C99A-2230-4FF5-9F59-4F627693B1F0} = {6BFDB182-4F53-43FD-A8E3-B94435CC1A05}
		{25D04744-3C29-45C2-B829-1B35B2FAFF4B} = {E1833E46-7B47-49CF-8425-40F29268B8DE}
		{3B7C3E71-1299-4F6C-AB88-15BBC6D75C59} = {1F2E98DE-4A6A-4BC9-B7DC-8919BCDDFCAF}
		{4E9A885A-0BF9-4361-8401-729B1D94C8E0} = {EA024DE6-952C-4405-B35F-19192399EA02}
		{53B8BF49-2ED1-40DF-974F-71A8AEA9D997} = {CE769081-BFA5-405D-B63A-B60E2B91638D}
		{FBA962E0-313E-4752-BAD5-E5E7223AA3A3} = {CE769081-BFA5-405D-B63A-B60E2B91638D}
		{DFC3A90F-146C-4D40-B2D1-130B007063E2} = {53B8BF49-2ED1-40DF-974F-71A8AEA9D997}
		{28682CC5-A142-422D-AFE5-E22D26C866C6} = {DFC3A90F-146C-4D40-B2D1-130B007063E2}
		{6EF35B63-D581-40C2-ACD1-F9C522E3B996} = {DFC3A90F-146C-4D40-B2D1-130B007063E2}
		{47E5570F-400D-4B6F-9102-8F258AEEC8EA} = {8BA67762-0F26-4685-9210-F8937F9F967A}
		{974E6009-964C-4CDF-9A44-5A2ACC98A5A0} = {3CAA4C7F-BB48-4A67-9F23-504ECDC3269C}
		{5EEC711D-3D0C-458A-8BFE-793952A37878} = {72046ABF-82AA-495D-A4FC-F3872BEDC247}
		{E85FA7E6-7A53-4A3F-ACD1-E4CD4F3D42ED} = {72046ABF-82AA-495D-A4FC-F3872BEDC247}
		{6AF30622-E2D2-4EC3-8482-8FF8EC4D7DF0} = {5EEC711D-3D0C-458A-8BFE-793952A37878}
		{A44F57CA-D2C6-4ED4-A0B5-534C0A241F40} = {E85FA7E6-7A53-4A3F-ACD1-E4CD4F3D42ED}
		{B22E889E-8007-418A-A528-B08534993008} = {8BA67762-0F26-4685-9210-F8937F9F967A}
		{C5C5F8F1-8177-4DEF-997F-4603E70F4852} = {5EEC711D-3D0C-458A-8BFE-793952A37878}
		{00071DB3-1262-45AA-9E91-2ED38DB7AC5D} = {E85FA7E6-7A53-4A3F-ACD1-E4CD4F3D42ED}
		{2BB0DF2F-B517-45AC-96D5-F766823F917C} = {3726E733-6BFC-4A74-86F1-88B4AC2DD917}
		{2C75385A-BD15-42BF-B255-72C2117DA81B} = {5EEC711D-3D0C-458A-8BFE-793952A37878}
		{0FBE11F3-A03A-4C63-84C5-CE3F74E87F07} = {E85FA7E6-7A53-4A3F-ACD1-E4CD4F3D42ED}
		{96B15EF2-6983-4BE3-B289-D06F521663D5} = {5FF8CC06-69CE-4551-8C07-278F2C0B1884}
		{EF7705B8-5E6E-4F66-B15D-1F5BF4F2E9D1} = {96B15EF2-6983-4BE3-B289-D06F521663D5}
		{98E6E20C-2444-4685-923D-CB21D211CEA7} = {8BA67762-0F26-4685-9210-F8937F9F967A}
	EndGlobalSection
	GlobalSection(ExtensibilityGlobals) = postSolution
		SolutionGuid = {42D5A311-9CA5-468F-9811-B2FBB27315D9}
	EndGlobalSection
EndGlobal
